
Microsoft Visual Studio Solution File, Format Version 12.00
# Visual Studio Version 16
VisualStudioVersion = 16.0.31515.178
MinimumVisualStudioVersion = 10.0.40219.1
Project("{8BC9CEB8-8B4A-11D0-8D11-00A0C91BC942}") = "Main", "Main\Main.vcxproj", "{B665534E-73DD-4E15-BA05-AA0CDEC6B58F}"
EndProject
Global
	GlobalSection(SolutionConfigurationPlatforms) = preSolution
		Debug|x86 = Debug|x86
		Release|x86 = Release|x86
	EndGlobalSection
	GlobalSection(ProjectConfigurationPlatforms) = postSolution
		{B665534E-73DD-4E15-BA05-AA0CDEC6B58F}.Debug|x86.ActiveCfg = Debug|Win32
		{B665534E-73DD-4E15-BA05-AA0CDEC6B58F}.Debug|x86.Build.0 = Debug|Win32
		{B665534E-73DD-4E15-BA05-AA0CDEC6B58F}.Release|x86.ActiveCfg = Release|Win32
		{B665534E-73DD-4E15-BA05-AA0CDEC6B58F}.Release|x86.Build.0 = Release|Win32
	EndGlobalSection
	GlobalSection(SolutionProperties) = preSolution
		HideSolutionNode = FALSE
	EndGlobalSection
	GlobalSection(ExtensibilityGlobals) = postSolution
		SolutionGuid = {E2CF03D6-A810-4399-99E0-9995DAA51A52}
	EndGlobalSection
EndGlobal
